{
  "name": "momentumama",
  "version": "1.0.0",
  "lockfileVersion": 1,
  "requires": true,
  "dependencies": {
    "rellax": {
      "version": "1.5.0",
      "resolved": "https://registry.npmjs.org/rellax/-/rellax-1.5.0.tgz",
      "integrity": "sha512-7tdvfsLqTZK4Ihrfy8v4DdtLDdeD/wjovQwSIeC2XrdQANQ47pBQVyKTz24w4yVTsRVoFcl48w4sw4ny1CP34g=="
    }
  }
}
